
Microsoft Visual Studio Solution File, Format Version 12.00
# Visual Studio Version 16
VisualStudioVersion = 16.0.30503.244
MinimumVisualStudioVersion = 10.0.40219.1
Project("{FAE04EC0-301F-11D3-BF4B-00C04F79EFBC}") = "HW1", "HW1\HW1.csproj", "{C715311F-53F4-4571-BDB2-E0A6EA76CC0F}"
EndProject
Global
	GlobalSection(SolutionConfigurationPlatforms) = preSolution
		Debug|Any CPU = Debug|Any CPU
		Release|Any CPU = Release|Any CPU
	EndGlobalSection
	GlobalSection(ProjectConfigurationPlatforms) = postSolution
		{C715311F-53F4-4571-BDB2-E0A6EA76CC0F}.Debug|Any CPU.ActiveCfg = Debug|Any CPU
		{C715311F-53F4-4571-BDB2-E0A6EA76CC0F}.Debug|Any CPU.Build.0 = Debug|Any CPU
		{C715311F-53F4-4571-BDB2-E0A6EA76CC0F}.Release|Any CPU.ActiveCfg = Release|Any CPU
		{C715311F-53F4-4571-BDB2-E0A6EA76CC0F}.Release|Any CPU.Build.0 = Release|Any CPU
	EndGlobalSection
	GlobalSection(SolutionProperties) = preSolution
		HideSolutionNode = FALSE
	EndGlobalSection
	GlobalSection(ExtensibilityGlobals) = postSolution
		SolutionGuid = {5864C515-A2BF-49BF-A929-BC687E072E89}
	EndGlobalSection
EndGlobal
