
Microsoft Visual Studio Solution File, Format Version 12.00
# Visual Studio Version 16
VisualStudioVersion = 16.0.30907.101
MinimumVisualStudioVersion = 10.0.40219.1
Project("{FAE04EC0-301F-11D3-BF4B-00C04F79EFBC}") = "HW2", "HW2.csproj", "{015E747D-9EAE-4B5C-B0C5-9BB0DCCFB5B4}"
EndProject
Project("{9A19103F-16F7-4668-BE54-9A1E7A4F7556}") = "UnitTests", "UnitTests\UnitTests.csproj", "{217AD48F-761E-4779-9D0D-9049FBFF2D0E}"
	ProjectSection(ProjectDependencies) = postProject
		{015E747D-9EAE-4B5C-B0C5-9BB0DCCFB5B4} = {015E747D-9EAE-4B5C-B0C5-9BB0DCCFB5B4}
	EndProjectSection
EndProject
Global
	GlobalSection(SolutionConfigurationPlatforms) = preSolution
		Debug|Any CPU = Debug|Any CPU
		Release|Any CPU = Release|Any CPU
	EndGlobalSection
	GlobalSection(ProjectConfigurationPlatforms) = postSolution
		{015E747D-9EAE-4B5C-B0C5-9BB0DCCFB5B4}.Debug|Any CPU.ActiveCfg = Debug|Any CPU
		{015E747D-9EAE-4B5C-B0C5-9BB0DCCFB5B4}.Debug|Any CPU.Build.0 = Debug|Any CPU
		{015E747D-9EAE-4B5C-B0C5-9BB0DCCFB5B4}.Release|Any CPU.ActiveCfg = Release|Any CPU
		{015E747D-9EAE-4B5C-B0C5-9BB0DCCFB5B4}.Release|Any CPU.Build.0 = Release|Any CPU
		{217AD48F-761E-4779-9D0D-9049FBFF2D0E}.Debug|Any CPU.ActiveCfg = Debug|Any CPU
		{217AD48F-761E-4779-9D0D-9049FBFF2D0E}.Debug|Any CPU.Build.0 = Debug|Any CPU
		{217AD48F-761E-4779-9D0D-9049FBFF2D0E}.Release|Any CPU.ActiveCfg = Release|Any CPU
		{217AD48F-761E-4779-9D0D-9049FBFF2D0E}.Release|Any CPU.Build.0 = Release|Any CPU
	EndGlobalSection
	GlobalSection(SolutionProperties) = preSolution
		HideSolutionNode = FALSE
	EndGlobalSection
	GlobalSection(ExtensibilityGlobals) = postSolution
		SolutionGuid = {C1594736-14FB-4F74-9D2D-672CFE2E3EAF}
	EndGlobalSection
EndGlobal
